
Microsoft Visual Studio Solution File, Format Version 12.00
# Visual Studio Version 16
VisualStudioVersion = 16.0.32630.194
MinimumVisualStudioVersion = 10.0.40219.1
Project("{FAE04EC0-301F-11D3-BF4B-00C04F79EFBC}") = "Multiplicar Matrizes", "Multiplicar Matrizes.csproj", "{83EB56DE-B2B8-4E6B-B471-E118005FA5DC}"
EndProject
Global
	GlobalSection(SolutionConfigurationPlatforms) = preSolution
		Debug|Any CPU = Debug|Any CPU
		Release|Any CPU = Release|Any CPU
	EndGlobalSection
	GlobalSection(ProjectConfigurationPlatforms) = postSolution
		{83EB56DE-B2B8-4E6B-B471-E118005FA5DC}.Debug|Any CPU.ActiveCfg = Debug|Any CPU
		{83EB56DE-B2B8-4E6B-B471-E118005FA5DC}.Debug|Any CPU.Build.0 = Debug|Any CPU
		{83EB56DE-B2B8-4E6B-B471-E118005FA5DC}.Release|Any CPU.ActiveCfg = Release|Any CPU
		{83EB56DE-B2B8-4E6B-B471-E118005FA5DC}.Release|Any CPU.Build.0 = Release|Any CPU
	EndGlobalSection
	GlobalSection(SolutionProperties) = preSolution
		HideSolutionNode = FALSE
	EndGlobalSection
	GlobalSection(ExtensibilityGlobals) = postSolution
		SolutionGuid = {47B0F862-AFCF-41AA-8469-787229D69484}
	EndGlobalSection
EndGlobal
